
Microsoft Visual Studio Solution File, Format Version 12.00
# Visual Studio Version 16
VisualStudioVersion = 16.0.30711.63
MinimumVisualStudioVersion = 10.0.40219.1
Project("{FAE04EC0-301F-11D3-BF4B-00C04F79EFBC}") = "BooksForYou", "BooksForYou.csproj", "{F4F30341-680A-46D1-B130-3935E0038AE3}"
EndProject
Global
	GlobalSection(SolutionConfigurationPlatforms) = preSolution
		Debug|Any CPU = Debug|Any CPU
		Release|Any CPU = Release|Any CPU
	EndGlobalSection
	GlobalSection(ProjectConfigurationPlatforms) = postSolution
		{F4F30341-680A-46D1-B130-3935E0038AE3}.Debug|Any CPU.ActiveCfg = Debug|Any CPU
		{F4F30341-680A-46D1-B130-3935E0038AE3}.Debug|Any CPU.Build.0 = Debug|Any CPU
		{F4F30341-680A-46D1-B130-3935E0038AE3}.Release|Any CPU.ActiveCfg = Release|Any CPU
		{F4F30341-680A-46D1-B130-3935E0038AE3}.Release|Any CPU.Build.0 = Release|Any CPU
	EndGlobalSection
	GlobalSection(SolutionProperties) = preSolution
		HideSolutionNode = FALSE
	EndGlobalSection
	GlobalSection(ExtensibilityGlobals) = postSolution
		SolutionGuid = {08BA280F-401F-4C1D-BDFB-452F483C9792}
	EndGlobalSection
EndGlobal
